github.com/aeden/traceroute v0.0.0-20210211061815-03f5f7cb7908 h1:6suDyKbvZ5r2G/gblQLV9Cdv7rdqNlUxsRXpLOF0rKM=
github.com/aeden/traceroute v0.0.0-20210211061815-03f5f7cb7908/go.mod h1:HPBB/4vaPt7NcN9l72/+IwsmDVQsa6AWM6ZDKJCLB9U=
github.com/dblueman/pinger v0.0.0-20220321051420-ac4ac0dce4d7 h1:wPOwh5LS8f27RTu63dXIF5mfWPRBST3F5VZxJ2PlkS4=
github.com/dblueman/pinger v0.0.0-20220321051420-ac4ac0dce4d7/go.mod h1:jqw3n24UwaJRGNkBDhGmwVz+RJN5gbCkfGsnZimRakk=
golang.org/x/net v0.0.0-20220225172249-27dd8689420f h1:oA4XRj0qtSt8Yo1Zms0CUlsT3KG69V2UGQWPBxujDmc=
golang.org/x/net v0.0.0-20220225172249-27dd8689420f/go.mod h1:CfG3xpIq0wQ8r1q4Su4UZFWDARRcnwPjda9FqA0JpMk=
golang.org/x/sys v0.0.0-20220319134239-a9b59b0215f8 h1:OH54vjqzRWmbJ62fjuhxy7AxFFgoHN0/DPc/UrL8cAs=
golang.org/x/sys v0.0.0-20220319134239-a9b59b0215f8/go.mod h1:oPkhp1MJrh7nUepCBck5+mAzfO9JrbApNNgaTdGDITg=
